
Microsoft Visual Studio Solution File, Format Version 12.00
Project("{FAE04EC0-301F-11D3-BF4B-00C04F79EFBC}") = "Looplex.Foundation", "src\Looplex.Foundation\Looplex.Foundation.csproj", "{FE2F018E-B7D6-42AB-A27A-79B090D98272}"
EndProject
Project("{2150E333-8FDC-42A3-9474-1A3956D46DE8}") = "src", "src", "{46910C4E-E213-47AF-960A-12080DA743E3}"
EndProject
Project("{2150E333-8FDC-42A3-9474-1A3956D46DE8}") = "test", "test", "{790545C2-EA0E-438D-B8A7-DAB859342435}"
EndProject
Project("{FAE04EC0-301F-11D3-BF4B-00C04F79EFBC}") = "Looplex.Foundation.UnitTests", "test\Looplex.Foundation.UnitTests\Looplex.Foundation.UnitTests.csproj", "{9B4DE791-1225-4DCF-8DCB-44052CDBDFA7}"
EndProject
Project("{2150E333-8FDC-42A3-9474-1A3956D46DE8}") = "samples", "samples", "{5DF23ABA-28BD-4A21-8720-C26BA487AA41}"
EndProject
Project("{FAE04EC0-301F-11D3-BF4B-00C04F79EFBC}") = "Notejam", "samples\Notejam\Notejam.csproj", "{B43E474A-98E6-4DB4-AA3E-451701D2F080}"
EndProject
Project("{FAE04EC0-301F-11D3-BF4B-00C04F79EFBC}") = "Notejam.Tests", "samples\Notejam.Tests\Notejam.Tests.csproj", "{4FC89FED-4C3D-4A7C-895E-69252A3CDFDC}"
EndProject
Project("{FAE04EC0-301F-11D3-BF4B-00C04F79EFBC}") = "EPTracker.Plugin", "samples\EPTracker.Plugin\EPTracker.Plugin.csproj", "{FB70FDA2-1827-4575-A707-60719AF04B0B}"
EndProject
Project("{FAE04EC0-301F-11D3-BF4B-00C04F79EFBC}") = "CLIApp", "samples\CLIApp\CLIApp.csproj", "{852705F6-8F83-45B9-A551-500892EBD89E}"
EndProject
Global
	GlobalSection(SolutionConfigurationPlatforms) = preSolution
		Debug|Any CPU = Debug|Any CPU
		Release|Any CPU = Release|Any CPU
	EndGlobalSection
	GlobalSection(ProjectConfigurationPlatforms) = postSolution
		{FE2F018E-B7D6-42AB-A27A-79B090D98272}.Debug|Any CPU.ActiveCfg = Debug|Any CPU
		{FE2F018E-B7D6-42AB-A27A-79B090D98272}.Debug|Any CPU.Build.0 = Debug|Any CPU
		{FE2F018E-B7D6-42AB-A27A-79B090D98272}.Release|Any CPU.ActiveCfg = Release|Any CPU
		{FE2F018E-B7D6-42AB-A27A-79B090D98272}.Release|Any CPU.Build.0 = Release|Any CPU
		{9B4DE791-1225-4DCF-8DCB-44052CDBDFA7}.Debug|Any CPU.ActiveCfg = Debug|Any CPU
		{9B4DE791-1225-4DCF-8DCB-44052CDBDFA7}.Debug|Any CPU.Build.0 = Debug|Any CPU
		{9B4DE791-1225-4DCF-8DCB-44052CDBDFA7}.Release|Any CPU.ActiveCfg = Release|Any CPU
		{9B4DE791-1225-4DCF-8DCB-44052CDBDFA7}.Release|Any CPU.Build.0 = Release|Any CPU
		{B43E474A-98E6-4DB4-AA3E-451701D2F080}.Debug|Any CPU.ActiveCfg = Debug|Any CPU
		{B43E474A-98E6-4DB4-AA3E-451701D2F080}.Debug|Any CPU.Build.0 = Debug|Any CPU
		{B43E474A-98E6-4DB4-AA3E-451701D2F080}.Release|Any CPU.ActiveCfg = Release|Any CPU
		{B43E474A-98E6-4DB4-AA3E-451701D2F080}.Release|Any CPU.Build.0 = Release|Any CPU
		{4FC89FED-4C3D-4A7C-895E-69252A3CDFDC}.Debug|Any CPU.ActiveCfg = Debug|Any CPU
		{4FC89FED-4C3D-4A7C-895E-69252A3CDFDC}.Debug|Any CPU.Build.0 = Debug|Any CPU
		{4FC89FED-4C3D-4A7C-895E-69252A3CDFDC}.Release|Any CPU.ActiveCfg = Release|Any CPU
		{4FC89FED-4C3D-4A7C-895E-69252A3CDFDC}.Release|Any CPU.Build.0 = Release|Any CPU
		{FB70FDA2-1827-4575-A707-60719AF04B0B}.Debug|Any CPU.ActiveCfg = Debug|Any CPU
		{FB70FDA2-1827-4575-A707-60719AF04B0B}.Debug|Any CPU.Build.0 = Debug|Any CPU
		{FB70FDA2-1827-4575-A707-60719AF04B0B}.Release|Any CPU.ActiveCfg = Release|Any CPU
		{FB70FDA2-1827-4575-A707-60719AF04B0B}.Release|Any CPU.Build.0 = Release|Any CPU
		{852705F6-8F83-45B9-A551-500892EBD89E}.Debug|Any CPU.ActiveCfg = Debug|Any CPU
		{852705F6-8F83-45B9-A551-500892EBD89E}.Debug|Any CPU.Build.0 = Debug|Any CPU
		{852705F6-8F83-45B9-A551-500892EBD89E}.Release|Any CPU.ActiveCfg = Release|Any CPU
		{852705F6-8F83-45B9-A551-500892EBD89E}.Release|Any CPU.Build.0 = Release|Any CPU
	EndGlobalSection
	GlobalSection(NestedProjects) = preSolution
		{FE2F018E-B7D6-42AB-A27A-79B090D98272} = {46910C4E-E213-47AF-960A-12080DA743E3}
		{9B4DE791-1225-4DCF-8DCB-44052CDBDFA7} = {790545C2-EA0E-438D-B8A7-DAB859342435}
		{B43E474A-98E6-4DB4-AA3E-451701D2F080} = {5DF23ABA-28BD-4A21-8720-C26BA487AA41}
		{4FC89FED-4C3D-4A7C-895E-69252A3CDFDC} = {5DF23ABA-28BD-4A21-8720-C26BA487AA41}
		{FB70FDA2-1827-4575-A707-60719AF04B0B} = {5DF23ABA-28BD-4A21-8720-C26BA487AA41}
		{852705F6-8F83-45B9-A551-500892EBD89E} = {5DF23ABA-28BD-4A21-8720-C26BA487AA41}
	EndGlobalSection
EndGlobal
