
Microsoft Visual Studio Solution File, Format Version 12.00
# Visual Studio Version 17
VisualStudioVersion = 17.13.35825.156
MinimumVisualStudioVersion = 10.0.40219.1
Project("{FAE04EC0-301F-11D3-BF4B-00C04F79EFBC}") = "Looplex.Foundation", "src\Looplex.Foundation\Looplex.Foundation.csproj", "{FE2F018E-B7D6-42AB-A27A-79B090D98272}"
EndProject
Project("{2150E333-8FDC-42A3-9474-1A3956D46DE8}") = "src", "src", "{46910C4E-E213-47AF-960A-12080DA743E3}"
EndProject
Project("{2150E333-8FDC-42A3-9474-1A3956D46DE8}") = "test", "test", "{790545C2-EA0E-438D-B8A7-DAB859342435}"
EndProject
Project("{FAE04EC0-301F-11D3-BF4B-00C04F79EFBC}") = "Looplex.Foundation.UnitTests", "test\Looplex.Foundation.UnitTests\Looplex.Foundation.UnitTests.csproj", "{9B4DE791-1225-4DCF-8DCB-44052CDBDFA7}"
EndProject
Project("{FAE04EC0-301F-11D3-BF4B-00C04F79EFBC}") = "Looplex.Foundation.Protocols.Http", "src\Looplex.Foundation.Protocols.Http\Looplex.Foundation.Protocols.Http.csproj", "{79353698-6C88-740C-7061-75714EAF755A}"
EndProject
Global
	GlobalSection(SolutionConfigurationPlatforms) = preSolution
		Debug|Any CPU = Debug|Any CPU
		Release|Any CPU = Release|Any CPU
	EndGlobalSection
	GlobalSection(ProjectConfigurationPlatforms) = postSolution
		{FE2F018E-B7D6-42AB-A27A-79B090D98272}.Debug|Any CPU.ActiveCfg = Debug|Any CPU
		{FE2F018E-B7D6-42AB-A27A-79B090D98272}.Debug|Any CPU.Build.0 = Debug|Any CPU
		{FE2F018E-B7D6-42AB-A27A-79B090D98272}.Release|Any CPU.ActiveCfg = Release|Any CPU
		{FE2F018E-B7D6-42AB-A27A-79B090D98272}.Release|Any CPU.Build.0 = Release|Any CPU
		{9B4DE791-1225-4DCF-8DCB-44052CDBDFA7}.Debug|Any CPU.ActiveCfg = Debug|Any CPU
		{9B4DE791-1225-4DCF-8DCB-44052CDBDFA7}.Debug|Any CPU.Build.0 = Debug|Any CPU
		{9B4DE791-1225-4DCF-8DCB-44052CDBDFA7}.Release|Any CPU.ActiveCfg = Release|Any CPU
		{9B4DE791-1225-4DCF-8DCB-44052CDBDFA7}.Release|Any CPU.Build.0 = Release|Any CPU
		{79353698-6C88-740C-7061-75714EAF755A}.Debug|Any CPU.ActiveCfg = Debug|Any CPU
		{79353698-6C88-740C-7061-75714EAF755A}.Debug|Any CPU.Build.0 = Debug|Any CPU
		{79353698-6C88-740C-7061-75714EAF755A}.Release|Any CPU.ActiveCfg = Release|Any CPU
		{79353698-6C88-740C-7061-75714EAF755A}.Release|Any CPU.Build.0 = Release|Any CPU
	EndGlobalSection
	GlobalSection(SolutionProperties) = preSolution
		HideSolutionNode = FALSE
	EndGlobalSection
	GlobalSection(NestedProjects) = preSolution
		{FE2F018E-B7D6-42AB-A27A-79B090D98272} = {46910C4E-E213-47AF-960A-12080DA743E3}
		{9B4DE791-1225-4DCF-8DCB-44052CDBDFA7} = {790545C2-EA0E-438D-B8A7-DAB859342435}
		{79353698-6C88-740C-7061-75714EAF755A} = {46910C4E-E213-47AF-960A-12080DA743E3}
	EndGlobalSection
	GlobalSection(ExtensibilityGlobals) = postSolution
		SolutionGuid = {0EB92CF0-DFE0-42F5-8E9E-8BCF5A0A5F46}
	EndGlobalSection
EndGlobal
